
Microsoft Visual Studio Solution File, Format Version 12.00
# Visual Studio 15
Project("{FAE04EC0-301F-11D3-BF4B-00C04F79EFBC}") = "Assembly-CSharp", "Assembly-CSharp.csproj", "{294BBBB1-BB5E-84C0-35D1-72A1698BE6AD}"
EndProject
Project("{FAE04EC0-301F-11D3-BF4B-00C04F79EFBC}") = "NavMeshComponents", "NavMeshComponents.csproj", "{9874FF83-4FF7-DA7E-2527-EAF32C89BB23}"
EndProject
Project("{FAE04EC0-301F-11D3-BF4B-00C04F79EFBC}") = "NavMeshComponentsEditor", "NavMeshComponentsEditor.csproj", "{36C12802-D2FF-468E-4173-19BAA0A3C695}"
EndProject
Project("{FAE04EC0-301F-11D3-BF4B-00C04F79EFBC}") = "Assembly-CSharp-Editor", "Assembly-CSharp-Editor.csproj", "{AC20AABF-EE2D-9DA5-C740-5624B96B1C87}"
EndProject
Global
	GlobalSection(SolutionConfigurationPlatforms) = preSolution
		Debug|Any CPU = Debug|Any CPU
		Release|Any CPU = Release|Any CPU
	EndGlobalSection
	GlobalSection(ProjectConfigurationPlatforms) = postSolution
		{294BBBB1-BB5E-84C0-35D1-72A1698BE6AD}.Debug|Any CPU.ActiveCfg = Debug|Any CPU
		{294BBBB1-BB5E-84C0-35D1-72A1698BE6AD}.Debug|Any CPU.Build.0 = Debug|Any CPU
		{294BBBB1-BB5E-84C0-35D1-72A1698BE6AD}.Release|Any CPU.ActiveCfg = Release|Any CPU
		{294BBBB1-BB5E-84C0-35D1-72A1698BE6AD}.Release|Any CPU.Build.0 = Release|Any CPU
		{9874FF83-4FF7-DA7E-2527-EAF32C89BB23}.Debug|Any CPU.ActiveCfg = Debug|Any CPU
		{9874FF83-4FF7-DA7E-2527-EAF32C89BB23}.Debug|Any CPU.Build.0 = Debug|Any CPU
		{9874FF83-4FF7-DA7E-2527-EAF32C89BB23}.Release|Any CPU.ActiveCfg = Release|Any CPU
		{9874FF83-4FF7-DA7E-2527-EAF32C89BB23}.Release|Any CPU.Build.0 = Release|Any CPU
		{36C12802-D2FF-468E-4173-19BAA0A3C695}.Debug|Any CPU.ActiveCfg = Debug|Any CPU
		{36C12802-D2FF-468E-4173-19BAA0A3C695}.Debug|Any CPU.Build.0 = Debug|Any CPU
		{36C12802-D2FF-468E-4173-19BAA0A3C695}.Release|Any CPU.ActiveCfg = Release|Any CPU
		{36C12802-D2FF-468E-4173-19BAA0A3C695}.Release|Any CPU.Build.0 = Release|Any CPU
		{AC20AABF-EE2D-9DA5-C740-5624B96B1C87}.Debug|Any CPU.ActiveCfg = Debug|Any CPU
		{AC20AABF-EE2D-9DA5-C740-5624B96B1C87}.Debug|Any CPU.Build.0 = Debug|Any CPU
		{AC20AABF-EE2D-9DA5-C740-5624B96B1C87}.Release|Any CPU.ActiveCfg = Release|Any CPU
		{AC20AABF-EE2D-9DA5-C740-5624B96B1C87}.Release|Any CPU.Build.0 = Release|Any CPU
	EndGlobalSection
	GlobalSection(SolutionProperties) = preSolution
		HideSolutionNode = FALSE
	EndGlobalSection
EndGlobal
